
Microsoft Visual Studio Solution File, Format Version 12.00
# Visual Studio 2012
Project("{8BC9CEB8-8B4A-11D0-8D11-00A0C91BC942}") = "NBody", "NBody\NBody.vcxproj", "{9E495321-9BD4-42DC-ABAF-04E5A7D39FEF}"
EndProject
Project("{8BC9CEB8-8B4A-11D0-8D11-00A0C91BC942}") = "AbstractResolver", "AbstractResolver\AbstractResolver.vcxproj", "{B364CD3F-DFDE-40E0-988D-172C8C2D9974}"
EndProject
Project("{8BC9CEB8-8B4A-11D0-8D11-00A0C91BC942}") = "CudaStaticResolver", "CudaStaticResolver\CudaStaticResolver.vcxproj", "{0913137B-E5BA-49AF-82F4-7F558D670D2C}"
EndProject
Global
	GlobalSection(SolutionConfigurationPlatforms) = preSolution
		Debug|Win32 = Debug|Win32
		Debug|x64 = Debug|x64
		Release|Win32 = Release|Win32
		Release|x64 = Release|x64
	EndGlobalSection
	GlobalSection(ProjectConfigurationPlatforms) = postSolution
		{9E495321-9BD4-42DC-ABAF-04E5A7D39FEF}.Debug|Win32.ActiveCfg = Debug|Win32
		{9E495321-9BD4-42DC-ABAF-04E5A7D39FEF}.Debug|Win32.Build.0 = Debug|Win32
		{9E495321-9BD4-42DC-ABAF-04E5A7D39FEF}.Debug|x64.ActiveCfg = Debug|Win32
		{9E495321-9BD4-42DC-ABAF-04E5A7D39FEF}.Release|Win32.ActiveCfg = Release|Win32
		{9E495321-9BD4-42DC-ABAF-04E5A7D39FEF}.Release|Win32.Build.0 = Release|Win32
		{9E495321-9BD4-42DC-ABAF-04E5A7D39FEF}.Release|x64.ActiveCfg = Release|Win32
		{B364CD3F-DFDE-40E0-988D-172C8C2D9974}.Debug|Win32.ActiveCfg = Debug|Win32
		{B364CD3F-DFDE-40E0-988D-172C8C2D9974}.Debug|Win32.Build.0 = Debug|Win32
		{B364CD3F-DFDE-40E0-988D-172C8C2D9974}.Debug|x64.ActiveCfg = Debug|Win32
		{B364CD3F-DFDE-40E0-988D-172C8C2D9974}.Release|Win32.ActiveCfg = Release|Win32
		{B364CD3F-DFDE-40E0-988D-172C8C2D9974}.Release|Win32.Build.0 = Release|Win32
		{B364CD3F-DFDE-40E0-988D-172C8C2D9974}.Release|x64.ActiveCfg = Release|Win32
		{0913137B-E5BA-49AF-82F4-7F558D670D2C}.Debug|Win32.ActiveCfg = Debug|Win32
		{0913137B-E5BA-49AF-82F4-7F558D670D2C}.Debug|Win32.Build.0 = Debug|Win32
		{0913137B-E5BA-49AF-82F4-7F558D670D2C}.Debug|x64.ActiveCfg = Debug|x64
		{0913137B-E5BA-49AF-82F4-7F558D670D2C}.Debug|x64.Build.0 = Debug|x64
		{0913137B-E5BA-49AF-82F4-7F558D670D2C}.Release|Win32.ActiveCfg = Release|Win32
		{0913137B-E5BA-49AF-82F4-7F558D670D2C}.Release|Win32.Build.0 = Release|Win32
		{0913137B-E5BA-49AF-82F4-7F558D670D2C}.Release|x64.ActiveCfg = Release|x64
		{0913137B-E5BA-49AF-82F4-7F558D670D2C}.Release|x64.Build.0 = Release|x64
	EndGlobalSection
	GlobalSection(SolutionProperties) = preSolution
		HideSolutionNode = FALSE
	EndGlobalSection
EndGlobal
