<?xml version="1.0" encoding="utf-8"?>
<Project ToolsVersion="4.0" xmlns="http://schemas.microsoft.com/developer/msbuild/2003">
  <ItemGroup>
    <ClCompile Include="main.cpp" />
    <ClCompile Include="shader.cpp">
      <Filter>Shader</Filter>
    </ClCompile>
    <ClCompile Include="lodepng.cpp">
      <Filter>LodePNG</Filter>
    </ClCompile>
  </ItemGroup>
  <ItemGroup>
    <ClInclude Include="cuda_kernel.cuh">
      <Filter>CUDA</Filter>
    </ClInclude>
    <ClInclude Include="shader.h">
      <Filter>Shader</Filter>
    </ClInclude>
    <ClInclude Include="lodepng.h">
      <Filter>LodePNG</Filter>
    </ClInclude>
  </ItemGroup>
  <ItemGroup>
    <None Include="fragmentShader.glsl">
      <Filter>Shader</Filter>
    </None>
    <None Include="vertexShader.glsl">
      <Filter>Shader</Filter>
    </None>
  </ItemGroup>
  <ItemGroup>
    <Filter Include="CUDA">
      <UniqueIdentifier>{f902cf47-427f-44e2-ab21-93745ca127e7}</UniqueIdentifier>
    </Filter>
    <Filter Include="Shader">
      <UniqueIdentifier>{3b432767-5141-475a-b356-f44f97a26413}</UniqueIdentifier>
    </Filter>
    <Filter Include="LodePNG">
      <UniqueIdentifier>{89215eb3-24dd-463d-b91c-7b7040586481}</UniqueIdentifier>
    </Filter>
  </ItemGroup>
  <ItemGroup>
    <CudaCompile Include="cuda_kernel.cu">
      <Filter>CUDA</Filter>
    </CudaCompile>
  </ItemGroup>
</Project>