<?xml version="1.0" encoding="utf-8"?>
<Project ToolsVersion="4.0" xmlns="http://schemas.microsoft.com/developer/msbuild/2003">
  <ItemGroup>
    <ClCompile Include="main.cpp" />
    <ClCompile Include="lodepng.cpp">
      <Filter>LodePNG</Filter>
    </ClCompile>
    <ClCompile Include="NBodyGLViewer.cpp">
      <Filter>Viewer\Source</Filter>
    </ClCompile>
  </ItemGroup>
  <ItemGroup>
    <ClInclude Include="lodepng.h">
      <Filter>LodePNG</Filter>
    </ClInclude>
    <ClInclude Include="NBodyGLViewer.h">
      <Filter>Viewer\Header</Filter>
    </ClInclude>
  </ItemGroup>
  <ItemGroup>
    <None Include="fragmentShader.glsl">
      <Filter>Shader</Filter>
    </None>
    <None Include="vertexShader.glsl">
      <Filter>Shader</Filter>
    </None>
    <None Include="config.yaml" />
    <None Include="cuda_kernel.cu">
      <Filter>CUDA</Filter>
    </None>
    <None Include="cuda_kernel.cuh">
      <Filter>CUDA</Filter>
    </None>
  </ItemGroup>
  <ItemGroup>
    <Filter Include="CUDA">
      <UniqueIdentifier>{f902cf47-427f-44e2-ab21-93745ca127e7}</UniqueIdentifier>
    </Filter>
    <Filter Include="Shader">
      <UniqueIdentifier>{3b432767-5141-475a-b356-f44f97a26413}</UniqueIdentifier>
    </Filter>
    <Filter Include="LodePNG">
      <UniqueIdentifier>{89215eb3-24dd-463d-b91c-7b7040586481}</UniqueIdentifier>
    </Filter>
    <Filter Include="Viewer">
      <UniqueIdentifier>{8be751e2-0f7d-4529-b705-5bbac5be0158}</UniqueIdentifier>
    </Filter>
    <Filter Include="Viewer\Header">
      <UniqueIdentifier>{964ef7b2-eda5-4774-be54-7730f99365bb}</UniqueIdentifier>
    </Filter>
    <Filter Include="Viewer\Source">
      <UniqueIdentifier>{53b375d9-2166-4ece-b9d3-61e83ff429a3}</UniqueIdentifier>
    </Filter>
  </ItemGroup>
</Project>